{
  "name": "velvet-co",
  "version": "1.0.0",
  "lockfileVersion": 3,
  "requires": true,
  "description": "Tienda Velvet & Co. con Node.js y PostgreSQL",
  "main": "server.js",
  "packages": {},
  "devDependencies": {
    "nodemon": "^3.0.2"
  },
  "scripts": {
    "dev": "nodemon server.js",
    "start": "node server.js"
  }
}
